{
  "name": "skillforge-site",
  "lockfileVersion": 2,
  "requires": true,
  "packages": {
    "": {
      "name": "skillforge-site",
      "version": "1.0.0",
      "license": "MIT",
      "devDependencies": {
        "http-server": "^14.1.1",
        "prettier": "^3.0.0"
      }
    }
  },
  "devDependencies": {
    "http-server": {
      "version": "14.1.1",
      "resolved": "https://registry.npmjs.org/http-server/-/http-server-14.1.1.tgz",
      "integrity": "sha512-PLACEHOLDER"
    },
    "prettier": {
      "version": "3.0.0",
      "resolved": "https://registry.npmjs.org/prettier/-/prettier-3.0.0.tgz",
      "integrity": "sha512-PLACEHOLDER"
    }
  }
}
